
Microsoft Visual Studio Solution File, Format Version 12.00
# Visual Studio 14
VisualStudioVersion = 14.0.25123.0
MinimumVisualStudioVersion = 10.0.40219.1
Project("{FAE04EC0-301F-11D3-BF4B-00C04F79EFBC}") = "Even", "Src\Even\Even.csproj", "{00546FFA-62B1-4F0A-A5BE-AC476FF3691B}"
EndProject
Project("{2150E333-8FDC-42A3-9474-1A3956D46DE8}") = "Solution Items", "Solution Items", "{4BBB771D-1CF0-45A6-9C3A-F53B95796D5F}"
	ProjectSection(SolutionItems) = preProject
		.gitattributes = .gitattributes
		.gitignore = .gitignore
		appveyor.yml = appveyor.yml
		build.bat = build.bat
		CommonAssemblyInfo.cs = CommonAssemblyInfo.cs
	EndProjectSection
EndProject
Project("{FAE04EC0-301F-11D3-BF4B-00C04F79EFBC}") = "Even.Persistence.Sql", "Src\Even.Persistence.Sql\Even.Persistence.Sql.csproj", "{179B5E10-8E0A-47B3-B5AD-46466CAA393C}"
EndProject
Project("{FAE04EC0-301F-11D3-BF4B-00C04F79EFBC}") = "Even.Tests", "Test\Even.Tests\Even.Tests.csproj", "{BA2F8882-BDF9-47FF-9401-C7EAB6E558FB}"
EndProject
Project("{FAE04EC0-301F-11D3-BF4B-00C04F79EFBC}") = "Even.Sample", "Samples\Even.Sample\Even.Sample.csproj", "{83E4FF85-C9D9-4AA8-935E-84D25B9E1430}"
EndProject
Project("{2150E333-8FDC-42A3-9474-1A3956D46DE8}") = "build", "build", "{29F91898-5B53-45BF-B788-4DFAA65BEB3B}"
	ProjectSection(SolutionItems) = preProject
		build\build.ps1 = build\build.ps1
		build\default.ps1 = build\default.ps1
		build\psake-config.ps1 = build\psake-config.ps1
		build\psake.cmd = build\psake.cmd
		build\psake.ps1 = build\psake.ps1
		build\psake.psm1 = build\psake.psm1
	EndProjectSection
EndProject
Project("{2150E333-8FDC-42A3-9474-1A3956D46DE8}") = "Modules", "Modules", "{1D39B43D-65D9-4E1F-AA2E-40314989D0CF}"
	ProjectSection(SolutionItems) = preProject
		build\Modules\BuildFunctions.psm1 = build\Modules\BuildFunctions.psm1
		build\Modules\ILMerge.psm1 = build\Modules\ILMerge.psm1
		build\Modules\IO.psm1 = build\Modules\IO.psm1
		build\Modules\template.xunit = build\Modules\template.xunit
		build\Modules\Xunit.psm1 = build\Modules\Xunit.psm1
	EndProjectSection
EndProject
Global
	GlobalSection(SolutionConfigurationPlatforms) = preSolution
		Debug|Any CPU = Debug|Any CPU
		Release|Any CPU = Release|Any CPU
	EndGlobalSection
	GlobalSection(ProjectConfigurationPlatforms) = postSolution
		{00546FFA-62B1-4F0A-A5BE-AC476FF3691B}.Debug|Any CPU.ActiveCfg = Debug|Any CPU
		{00546FFA-62B1-4F0A-A5BE-AC476FF3691B}.Debug|Any CPU.Build.0 = Debug|Any CPU
		{00546FFA-62B1-4F0A-A5BE-AC476FF3691B}.Release|Any CPU.ActiveCfg = Release|Any CPU
		{00546FFA-62B1-4F0A-A5BE-AC476FF3691B}.Release|Any CPU.Build.0 = Release|Any CPU
		{179B5E10-8E0A-47B3-B5AD-46466CAA393C}.Debug|Any CPU.ActiveCfg = Debug|Any CPU
		{179B5E10-8E0A-47B3-B5AD-46466CAA393C}.Debug|Any CPU.Build.0 = Debug|Any CPU
		{179B5E10-8E0A-47B3-B5AD-46466CAA393C}.Release|Any CPU.ActiveCfg = Release|Any CPU
		{179B5E10-8E0A-47B3-B5AD-46466CAA393C}.Release|Any CPU.Build.0 = Release|Any CPU
		{BA2F8882-BDF9-47FF-9401-C7EAB6E558FB}.Debug|Any CPU.ActiveCfg = Debug|Any CPU
		{BA2F8882-BDF9-47FF-9401-C7EAB6E558FB}.Debug|Any CPU.Build.0 = Debug|Any CPU
		{BA2F8882-BDF9-47FF-9401-C7EAB6E558FB}.Release|Any CPU.ActiveCfg = Release|Any CPU
		{BA2F8882-BDF9-47FF-9401-C7EAB6E558FB}.Release|Any CPU.Build.0 = Release|Any CPU
		{83E4FF85-C9D9-4AA8-935E-84D25B9E1430}.Debug|Any CPU.ActiveCfg = Debug|Any CPU
		{83E4FF85-C9D9-4AA8-935E-84D25B9E1430}.Debug|Any CPU.Build.0 = Debug|Any CPU
		{83E4FF85-C9D9-4AA8-935E-84D25B9E1430}.Release|Any CPU.ActiveCfg = Release|Any CPU
		{83E4FF85-C9D9-4AA8-935E-84D25B9E1430}.Release|Any CPU.Build.0 = Release|Any CPU
	EndGlobalSection
	GlobalSection(SolutionProperties) = preSolution
		HideSolutionNode = FALSE
	EndGlobalSection
	GlobalSection(NestedProjects) = preSolution
		{1D39B43D-65D9-4E1F-AA2E-40314989D0CF} = {29F91898-5B53-45BF-B788-4DFAA65BEB3B}
	EndGlobalSection
EndGlobal
