
Microsoft Visual Studio Solution File, Format Version 12.00
# Visual Studio 14
VisualStudioVersion = 14.0.24720.0
MinimumVisualStudioVersion = 10.0.40219.1
Project("{2150E333-8FDC-42A3-9474-1A3956D46DE8}") = "project", "project", "{3667C138-632E-4407-A1B0-BE520C1344B5}"
	ProjectSection(SolutionItems) = preProject
		appveyor.yml = appveyor.yml
		build.ps1 = build.ps1
		License.txt = License.txt
		README.md = README.md
	EndProjectSection
EndProject
Project("{8BB2217D-0F2D-49D1-97BC-3654ED321F3B}") = "Even", "src\Even\Even.xproj", "{60456954-425F-4084-B3B5-F46077045D07}"
EndProject
Project("{8BB2217D-0F2D-49D1-97BC-3654ED321F3B}") = "Even.Persistence.Sql", "src\Even.Persistence.Sql\Even.Persistence.Sql.xproj", "{9140A005-7E02-4B1D-8798-F25FF1C77768}"
EndProject
Project("{2150E333-8FDC-42A3-9474-1A3956D46DE8}") = "samples", "samples", "{20C8BEAB-6592-4E35-80C0-9CD083923142}"
EndProject
Project("{8BB2217D-0F2D-49D1-97BC-3654ED321F3B}") = "Even.Sample", "samples\Even.Sample\Even.Sample.xproj", "{654E89A5-FA2E-4AE6-AB3C-5CA2D5C6892C}"
EndProject
Project("{2150E333-8FDC-42A3-9474-1A3956D46DE8}") = "test", "test", "{0C3590CA-378A-4C82-A718-F407EBFDC4D8}"
EndProject
Project("{8BB2217D-0F2D-49D1-97BC-3654ED321F3B}") = "Even.Tests", "test\Even.Tests\Even.Tests.xproj", "{D005C447-F595-448C-A223-8B4B4FE6510D}"
EndProject
Global
	GlobalSection(SolutionConfigurationPlatforms) = preSolution
		Debug|Any CPU = Debug|Any CPU
		Release|Any CPU = Release|Any CPU
	EndGlobalSection
	GlobalSection(ProjectConfigurationPlatforms) = postSolution
		{60456954-425F-4084-B3B5-F46077045D07}.Debug|Any CPU.ActiveCfg = Debug|Any CPU
		{60456954-425F-4084-B3B5-F46077045D07}.Debug|Any CPU.Build.0 = Debug|Any CPU
		{60456954-425F-4084-B3B5-F46077045D07}.Release|Any CPU.ActiveCfg = Release|Any CPU
		{60456954-425F-4084-B3B5-F46077045D07}.Release|Any CPU.Build.0 = Release|Any CPU
		{9140A005-7E02-4B1D-8798-F25FF1C77768}.Debug|Any CPU.ActiveCfg = Debug|Any CPU
		{9140A005-7E02-4B1D-8798-F25FF1C77768}.Debug|Any CPU.Build.0 = Debug|Any CPU
		{9140A005-7E02-4B1D-8798-F25FF1C77768}.Release|Any CPU.ActiveCfg = Release|Any CPU
		{9140A005-7E02-4B1D-8798-F25FF1C77768}.Release|Any CPU.Build.0 = Release|Any CPU
		{654E89A5-FA2E-4AE6-AB3C-5CA2D5C6892C}.Debug|Any CPU.ActiveCfg = Debug|Any CPU
		{654E89A5-FA2E-4AE6-AB3C-5CA2D5C6892C}.Debug|Any CPU.Build.0 = Debug|Any CPU
		{654E89A5-FA2E-4AE6-AB3C-5CA2D5C6892C}.Release|Any CPU.ActiveCfg = Release|Any CPU
		{654E89A5-FA2E-4AE6-AB3C-5CA2D5C6892C}.Release|Any CPU.Build.0 = Release|Any CPU
		{D005C447-F595-448C-A223-8B4B4FE6510D}.Debug|Any CPU.ActiveCfg = Debug|Any CPU
		{D005C447-F595-448C-A223-8B4B4FE6510D}.Debug|Any CPU.Build.0 = Debug|Any CPU
		{D005C447-F595-448C-A223-8B4B4FE6510D}.Release|Any CPU.ActiveCfg = Release|Any CPU
		{D005C447-F595-448C-A223-8B4B4FE6510D}.Release|Any CPU.Build.0 = Release|Any CPU
	EndGlobalSection
	GlobalSection(SolutionProperties) = preSolution
		HideSolutionNode = FALSE
	EndGlobalSection
	GlobalSection(NestedProjects) = preSolution
		{654E89A5-FA2E-4AE6-AB3C-5CA2D5C6892C} = {20C8BEAB-6592-4E35-80C0-9CD083923142}
		{D005C447-F595-448C-A223-8B4B4FE6510D} = {0C3590CA-378A-4C82-A718-F407EBFDC4D8}
	EndGlobalSection
EndGlobal
