
Microsoft Visual Studio Solution File, Format Version 12.00
# Visual Studio 14
VisualStudioVersion = 14.0.23107.0
MinimumVisualStudioVersion = 10.0.40219.1
Project("{FAE04EC0-301F-11D3-BF4B-00C04F79EFBC}") = "Even", "Even\Even.csproj", "{AB3B9D37-1A32-4152-8775-919F9018A0FE}"
EndProject
Project("{FAE04EC0-301F-11D3-BF4B-00C04F79EFBC}") = "Even.Sample", "Even.Sample\Even.Sample.csproj", "{B1ED1024-1B1A-408D-8D3D-75AA007ED3D0}"
EndProject
Project("{FAE04EC0-301F-11D3-BF4B-00C04F79EFBC}") = "Even.MySql", "Even.MySql\Even.MySql.csproj", "{2184A038-EC83-4230-BDF7-B3ECBF18347B}"
EndProject
Global
	GlobalSection(SolutionConfigurationPlatforms) = preSolution
		Debug|Any CPU = Debug|Any CPU
		Release|Any CPU = Release|Any CPU
	EndGlobalSection
	GlobalSection(ProjectConfigurationPlatforms) = postSolution
		{AB3B9D37-1A32-4152-8775-919F9018A0FE}.Debug|Any CPU.ActiveCfg = Debug|Any CPU
		{AB3B9D37-1A32-4152-8775-919F9018A0FE}.Debug|Any CPU.Build.0 = Debug|Any CPU
		{AB3B9D37-1A32-4152-8775-919F9018A0FE}.Release|Any CPU.ActiveCfg = Release|Any CPU
		{AB3B9D37-1A32-4152-8775-919F9018A0FE}.Release|Any CPU.Build.0 = Release|Any CPU
		{B1ED1024-1B1A-408D-8D3D-75AA007ED3D0}.Debug|Any CPU.ActiveCfg = Debug|Any CPU
		{B1ED1024-1B1A-408D-8D3D-75AA007ED3D0}.Debug|Any CPU.Build.0 = Debug|Any CPU
		{B1ED1024-1B1A-408D-8D3D-75AA007ED3D0}.Release|Any CPU.ActiveCfg = Release|Any CPU
		{B1ED1024-1B1A-408D-8D3D-75AA007ED3D0}.Release|Any CPU.Build.0 = Release|Any CPU
		{2184A038-EC83-4230-BDF7-B3ECBF18347B}.Debug|Any CPU.ActiveCfg = Debug|Any CPU
		{2184A038-EC83-4230-BDF7-B3ECBF18347B}.Debug|Any CPU.Build.0 = Debug|Any CPU
		{2184A038-EC83-4230-BDF7-B3ECBF18347B}.Release|Any CPU.ActiveCfg = Release|Any CPU
		{2184A038-EC83-4230-BDF7-B3ECBF18347B}.Release|Any CPU.Build.0 = Release|Any CPU
	EndGlobalSection
	GlobalSection(SolutionProperties) = preSolution
		HideSolutionNode = FALSE
	EndGlobalSection
EndGlobal
